lockfileVersion: '6.0'

settings:
  autoInstallPeers: true
  excludeLinksFromLockfile: false

dependencies:
  fs-jetpack:
    specifier: ^5.1.0
    version: 5.1.0
  htm:
    specifier: ^3.1.1
    version: 3.1.1
  js-yaml:
    specifier: ^4.1.0
    version: 4.1.0
  preact:
    specifier: ^10.17.1
    version: 10.17.1
  preact-render-to-string:
    specifier: ^6.2.1
    version: 6.2.1(preact@10.17.1)

packages:

  /argparse@2.0.1:
    resolution: {integrity: sha512-8+9WqebbFzpX9OR+Wa6O29asIogeRMzcGtAINdpMHHyAg10f05aSFVBbcEqGf/PXw1EjAZ+q2/bEBg3DvurK3Q==}
    dev: false

  /balanced-match@1.0.2:
    resolution: {integrity: sha512-3oSeUO0TMV67hN1AmbXsK4yaqU7tjiHlbxRDZOpH0KW9+CeX4bRAaX0Anxt0tx2MrpRpWwQaPwIlISEJhYU5Pw==}
    dev: false

  /brace-expansion@2.0.1:
    resolution: {integrity: sha512-XnAIvQ8eM+kC6aULx6wuQiwVsnzsi9d3WxzV3FpWTGA19F621kwdbsAcFKXgKUHZWsy+mY6iL1sHTxWEFCytDA==}
    dependencies:
      balanced-match: 1.0.2
    dev: false

  /fs-jetpack@5.1.0:
    resolution: {integrity: sha512-Xn4fDhLydXkuzepZVsr02jakLlmoARPy+YWIclo4kh0GyNGUHnTqeH/w/qIsVn50dFxtp8otPL2t/HcPJBbxUA==}
    dependencies:
      minimatch: 5.1.6
    dev: false

  /htm@3.1.1:
    resolution: {integrity: sha512-983Vyg8NwUE7JkZ6NmOqpCZ+sh1bKv2iYTlUkzlWmA5JD2acKoxd4KVxbMmxX/85mtfdnDmTFoNKcg5DGAvxNQ==}
    dev: false

  /js-yaml@4.1.0:
    resolution: {integrity: sha512-wpxZs9NoxZaJESJGIZTyDEaYpl0FKSA+FB9aJiyemKhMwkxQg63h4T1KJgUGHpTqPDNRcmmYLugrRjJlBtWvRA==}
    hasBin: true
    dependencies:
      argparse: 2.0.1
    dev: false

  /minimatch@5.1.6:
    resolution: {integrity: sha512-lKwV/1brpG6mBUFHtb7NUmtABCb2WZZmm2wNiOA5hAb8VdCS4B3dtMWyvcoViccwAW/COERjXLt0zP1zXUN26g==}
    engines: {node: '>=10'}
    dependencies:
      brace-expansion: 2.0.1
    dev: false

  /preact-render-to-string@6.2.1(preact@10.17.1):
    resolution: {integrity: sha512-5t7nFeMUextd53igL3GAakAAMaUD+dVWDHaRYaeh1tbPIjQIBtgJnMw6vf8VS/lviV0ggFtkgebatPxvtJsXyQ==}
    peerDependencies:
      preact: '>=10'
    dependencies:
      preact: 10.17.1
      pretty-format: 3.8.0
    dev: false

  /preact@10.17.1:
    resolution: {integrity: sha512-X9BODrvQ4Ekwv9GURm9AKAGaomqXmip7NQTZgY7gcNmr7XE83adOMJvd3N42id1tMFU7ojiynRsYnY6/BRFxLA==}
    dev: false

  /pretty-format@3.8.0:
    resolution: {integrity: sha512-WuxUnVtlWL1OfZFQFuqvnvs6MiAGk9UNsBostyBOB0Is9wb5uRESevA6rnl/rkksXaGX3GzZhPup5d6Vp1nFew==}
    dev: false
